
Microsoft Visual Studio Solution File, Format Version 12.00
# Visual Studio Version 16
VisualStudioVersion = 16.0.30503.244
MinimumVisualStudioVersion = 10.0.40219.1
Project("{9A19103F-16F7-4668-BE54-9A1E7A4F7556}") = "HiveExtension", "HiveExtension.csproj", "{FC10BCFE-3722-4A62-A9FE-FC56AA3C5162}"
EndProject
Global
	GlobalSection(SolutionConfigurationPlatforms) = preSolution
		Debug|Any CPU = Debug|Any CPU
		Release|Any CPU = Release|Any CPU
	EndGlobalSection
	GlobalSection(ProjectConfigurationPlatforms) = postSolution
		{FC10BCFE-3722-4A62-A9FE-FC56AA3C5162}.Debug|Any CPU.ActiveCfg = Debug|Any CPU
		{FC10BCFE-3722-4A62-A9FE-FC56AA3C5162}.Debug|Any CPU.Build.0 = Debug|Any CPU
		{FC10BCFE-3722-4A62-A9FE-FC56AA3C5162}.Release|Any CPU.ActiveCfg = Release|Any CPU
		{FC10BCFE-3722-4A62-A9FE-FC56AA3C5162}.Release|Any CPU.Build.0 = Release|Any CPU
	EndGlobalSection
	GlobalSection(SolutionProperties) = preSolution
		HideSolutionNode = FALSE
	EndGlobalSection
	GlobalSection(ExtensibilityGlobals) = postSolution
		SolutionGuid = {B2082ADA-5FF1-4714-9E66-2905C4AB127D}
	EndGlobalSection
EndGlobal
