
Microsoft Visual Studio Solution File, Format Version 12.00
# Visual Studio Version 16
VisualStudioVersion = 16.0.30503.244
MinimumVisualStudioVersion = 10.0.40219.1
Project("{FAE04EC0-301F-11D3-BF4B-00C04F79EFBC}") = "CompOversizedWeapon", "CompOversizedWeapon.csproj", "{08E20D0E-4493-4DFE-9212-DEC323F26E89}"
EndProject
Global
	GlobalSection(SolutionConfigurationPlatforms) = preSolution
		Debug|Any CPU = Debug|Any CPU
		Release|Any CPU = Release|Any CPU
	EndGlobalSection
	GlobalSection(ProjectConfigurationPlatforms) = postSolution
		{08E20D0E-4493-4DFE-9212-DEC323F26E89}.Debug|Any CPU.ActiveCfg = Debug|Any CPU
		{08E20D0E-4493-4DFE-9212-DEC323F26E89}.Debug|Any CPU.Build.0 = Debug|Any CPU
		{08E20D0E-4493-4DFE-9212-DEC323F26E89}.Release|Any CPU.ActiveCfg = Release|Any CPU
		{08E20D0E-4493-4DFE-9212-DEC323F26E89}.Release|Any CPU.Build.0 = Release|Any CPU
	EndGlobalSection
	GlobalSection(SolutionProperties) = preSolution
		HideSolutionNode = FALSE
	EndGlobalSection
	GlobalSection(ExtensibilityGlobals) = postSolution
		SolutionGuid = {176078F9-18AD-436A-9F2C-ABCC1E100BAA}
	EndGlobalSection
EndGlobal
