
Microsoft Visual Studio Solution File, Format Version 12.00
# Visual Studio Version 16
VisualStudioVersion = 16.0.30503.244
MinimumVisualStudioVersion = 10.0.40219.1
Project("{FAE04EC0-301F-11D3-BF4B-00C04F79EFBC}") = "AbilitiesExtended", "AbilitiesExtended.csproj", "{79BE6C49-4BA3-4562-8447-7EA3BBB53F2D}"
EndProject
Global
	GlobalSection(SolutionConfigurationPlatforms) = preSolution
		Debug|Any CPU = Debug|Any CPU
		Release|Any CPU = Release|Any CPU
	EndGlobalSection
	GlobalSection(ProjectConfigurationPlatforms) = postSolution
		{79BE6C49-4BA3-4562-8447-7EA3BBB53F2D}.Debug|Any CPU.ActiveCfg = Debug|Any CPU
		{79BE6C49-4BA3-4562-8447-7EA3BBB53F2D}.Debug|Any CPU.Build.0 = Debug|Any CPU
		{79BE6C49-4BA3-4562-8447-7EA3BBB53F2D}.Release|Any CPU.ActiveCfg = Release|Any CPU
		{79BE6C49-4BA3-4562-8447-7EA3BBB53F2D}.Release|Any CPU.Build.0 = Release|Any CPU
	EndGlobalSection
	GlobalSection(SolutionProperties) = preSolution
		HideSolutionNode = FALSE
	EndGlobalSection
	GlobalSection(ExtensibilityGlobals) = postSolution
		SolutionGuid = {7411DCC2-981C-4428-9732-0C2D0B616B15}
	EndGlobalSection
EndGlobal
