
Microsoft Visual Studio Solution File, Format Version 12.00
# Visual Studio Version 16
VisualStudioVersion = 16.0.30503.244
MinimumVisualStudioVersion = 10.0.40219.1
Project("{9A19103F-16F7-4668-BE54-9A1E7A4F7556}") = "CompTurret", "CompTurret.csproj", "{1FDB8869-FB6D-469D-9BF7-12671B1A3F87}"
EndProject
Global
	GlobalSection(SolutionConfigurationPlatforms) = preSolution
		Debug|Any CPU = Debug|Any CPU
		Release|Any CPU = Release|Any CPU
	EndGlobalSection
	GlobalSection(ProjectConfigurationPlatforms) = postSolution
		{1FDB8869-FB6D-469D-9BF7-12671B1A3F87}.Debug|Any CPU.ActiveCfg = Debug|Any CPU
		{1FDB8869-FB6D-469D-9BF7-12671B1A3F87}.Debug|Any CPU.Build.0 = Debug|Any CPU
		{1FDB8869-FB6D-469D-9BF7-12671B1A3F87}.Release|Any CPU.ActiveCfg = Release|Any CPU
		{1FDB8869-FB6D-469D-9BF7-12671B1A3F87}.Release|Any CPU.Build.0 = Release|Any CPU
	EndGlobalSection
	GlobalSection(SolutionProperties) = preSolution
		HideSolutionNode = FALSE
	EndGlobalSection
	GlobalSection(ExtensibilityGlobals) = postSolution
		SolutionGuid = {35699F24-6F99-48F9-8861-03F6C8427BEC}
	EndGlobalSection
EndGlobal
